{
  "name": "hexo-site",
  "version": "0.0.0",
  "lockfileVersion": 1,
  "requires": true,
  "dependencies": {
    "hexo": {
      "version": "3.3.7",
      "resolved": "https://registry.npmjs.org/hexo/-/hexo-3.3.7.tgz",
      "integrity": "sha1-HL8Fz9NncJKf7k+J/WRv6LR3z7k=",
      "dependencies": {
        "hexo-cli": {
          "version": "1.0.3",
          "resolved": "https://registry.npmjs.org/hexo-cli/-/hexo-cli-1.0.3.tgz",
          "integrity": "sha1-ZKoT7aNKAmHcM5Fx4HrRMe9hCsc=",
          "dependencies": {
            "hexo-fs": {
              "version": "0.2.0",
              "resolved": "https://registry.npmjs.org/hexo-fs/-/hexo-fs-0.2.0.tgz",
              "integrity": "sha1-U0qSeP35nYL1OsCXuDtOvFe3n+U="
            }
          }
        }
      }
    },
    "hexo-deployer-git": {
      "version": "0.3.0",
      "resolved": "https://registry.npmjs.org/hexo-deployer-git/-/hexo-deployer-git-0.3.0.tgz",
      "integrity": "sha1-rhT5jVVosZybRf1NMjOKxwiVHco=",
      "dependencies": {
        "bluebird": {
          "version": "3.5.0",
          "resolved": "https://registry.npmjs.org/bluebird/-/bluebird-3.5.0.tgz",
          "integrity": "sha1-eRQg1/VR7qKJdFOop3ZT+WYG1nw="
        },
        "moment": {
          "version": "2.18.1",
          "resolved": "https://registry.npmjs.org/moment/-/moment-2.18.1.tgz",
          "integrity": "sha1-w2GT3Tzhwu7SrbfIAtu8d6gbHA8="
        }
      }
    },
    "hexo-fs": {
      "version": "1.0.2",
      "resolved": "https://registry.npmjs.org/hexo-fs/-/hexo-fs-1.0.2.tgz",
      "integrity": "sha512-cbDnYuk6IndW/Fr2RcfZsZXE5wlG6tFoeBgZsHY230sSYalvX4JBPOUrE8As7Agysl+NGMthtr/Drtuliy5foQ==",
      "dependencies": {
        "anymatch": {
          "version": "2.0.0",
          "resolved": "https://registry.npmjs.org/anymatch/-/anymatch-2.0.0.tgz",
          "integrity": "sha512-5teOsQWABXHHBFP9y3skS5P3d/WfWXpv3FUpy+LorMrNYaT9pI4oLMQX7jzQ2KklNpGpWHzdCXTDT2Y3XGlZBw=="
        },
        "arr-diff": {
          "version": "4.0.0",
          "resolved": "https://registry.npmjs.org/arr-diff/-/arr-diff-4.0.0.tgz",
          "integrity": "sha1-1kYQdP6/7HHn4VI1dhoyml3HxSA="
        },
        "arr-flatten": {
          "version": "1.1.0",
          "resolved": "https://registry.npmjs.org/arr-flatten/-/arr-flatten-1.1.0.tgz",
          "integrity": "sha512-L3hKV5R/p5o81R7O02IGnwpDmkp6E982XhtbuwSe3O4qOtMMMtodicASA1Cny2U+aCXcNpml+m4dPsvsJ3jatg=="
        },
        "array-unique": {
          "version": "0.3.2",
          "resolved": "https://registry.npmjs.org/array-unique/-/array-unique-0.3.2.tgz",
          "integrity": "sha1-qJS3XUvE9s1nnvMkSp/Y9Gri1Cg="
        },
        "bluebird": {
          "version": "3.5.3",
          "resolved": "https://registry.npmjs.org/bluebird/-/bluebird-3.5.3.tgz",
          "integrity": "sha512-/qKPUQlaW1OyR51WeCPBvRnAlnZFUJkCSG5HzGnuIqhgyJtF+T94lFnn33eiazjRm2LAHVy2guNnaq48X9SJuw=="
        },
        "braces": {
          "version": "2.3.2",
          "resolved": "https://registry.npmjs.org/braces/-/braces-2.3.2.tgz",
          "integrity": "sha512-aNdbnj9P8PjdXU4ybaWLK2IF3jc/EoDYbC7AazW6to3TRsfXxscC9UXOB5iDiEQrkyIbWp2SLQda4+QAa7nc3w==",
          "dependencies": {
            "extend-shallow": {
              "version": "2.0.1",
              "resolved": "https://registry.npmjs.org/extend-shallow/-/extend-shallow-2.0.1.tgz",
              "integrity": "sha1-Ua99YUrZqfYQ6huvu5idaxxWiQ8="
            }
          }
        },
        "chokidar": {
          "version": "2.0.4",
          "resolved": "https://registry.npmjs.org/chokidar/-/chokidar-2.0.4.tgz",
          "integrity": "sha512-z9n7yt9rOvIJrMhvDtDictKrkFHeihkNl6uWMmZlmL6tJtX9Cs+87oK+teBx+JIgzvbX3yZHT3eF8vpbDxHJXQ=="
        },
        "expand-brackets": {
          "version": "2.1.4",
          "resolved": "https://registry.npmjs.org/expand-brackets/-/expand-brackets-2.1.4.tgz",
          "integrity": "sha1-t3c14xXOMPa27/D4OwQVGiJEliI=",
          "dependencies": {
            "define-property": {
              "version": "0.2.5",
              "resolved": "https://registry.npmjs.org/define-property/-/define-property-0.2.5.tgz",
              "integrity": "sha1-w1se+RjsPJkPmlvFe+BKrOxcgRY="
            },
            "extend-shallow": {
              "version": "2.0.1",
              "resolved": "https://registry.npmjs.org/extend-shallow/-/extend-shallow-2.0.1.tgz",
              "integrity": "sha1-Ua99YUrZqfYQ6huvu5idaxxWiQ8="
            },
            "is-accessor-descriptor": {
              "version": "0.1.6",
              "resolved": "https://registry.npmjs.org/is-accessor-descriptor/-/is-accessor-descriptor-0.1.6.tgz",
              "integrity": "sha1-qeEss66Nh2cn7u84Q/igiXtcmNY=",
              "dependencies": {
                "kind-of": {
                  "version": "3.2.2",
                  "resolved": "https://registry.npmjs.org/kind-of/-/kind-of-3.2.2.tgz",
                  "integrity": "sha1-MeohpzS6ubuw8yRm2JOupR5KPGQ="
                }
              }
            },
            "is-data-descriptor": {
              "version": "0.1.4",
              "resolved": "https://registry.npmjs.org/is-data-descriptor/-/is-data-descriptor-0.1.4.tgz",
              "integrity": "sha1-C17mSDiOLIYCgueT8YVv7D8wG1Y=",
              "dependencies": {
                "kind-of": {
                  "version": "3.2.2",
                  "resolved": "https://registry.npmjs.org/kind-of/-/kind-of-3.2.2.tgz",
                  "integrity": "sha1-MeohpzS6ubuw8yRm2JOupR5KPGQ="
                }
              }
            },
            "is-descriptor": {
              "version": "0.1.6",
              "resolved": "https://registry.npmjs.org/is-descriptor/-/is-descriptor-0.1.6.tgz",
              "integrity": "sha512-avDYr0SB3DwO9zsMov0gKCESFYqCnE4hq/4z3TdUlukEy5t9C0YRq7HLrsN52NAcqXKaepeCD0n+B0arnVG3Hg=="
            },
            "kind-of": {
              "version": "5.1.0",
              "resolved": "https://registry.npmjs.org/kind-of/-/kind-of-5.1.0.tgz",
              "integrity": "sha512-NGEErnH6F2vUuXDh+OlbcKW7/wOcfdRHaZ7VWtqCztfHri/++YKmP51OdWeGPuqCOba6kk2OTe5d02VmTB80Pw=="
            }
          }
        },
        "extglob": {
          "version": "2.0.4",
          "resolved": "https://registry.npmjs.org/extglob/-/extglob-2.0.4.tgz",
          "integrity": "sha512-Nmb6QXkELsuBr24CJSkilo6UHHgbekK5UiZgfE6UHD3Eb27YC6oD+bhcT+tJ6cl8dmsgdQxnWlcry8ksBIBLpw==",
          "dependencies": {
            "define-property": {
              "version": "1.0.0",
              "resolved": "https://registry.npmjs.org/define-property/-/define-property-1.0.0.tgz",
              "integrity": "sha1-dp66rz9KY6rTr56NMEybvnm/sOY="
            },
            "extend-shallow": {
              "version": "2.0.1",
              "resolved": "https://registry.npmjs.org/extend-shallow/-/extend-shallow-2.0.1.tgz",
              "integrity": "sha1-Ua99YUrZqfYQ6huvu5idaxxWiQ8="
            }
          }
        },
        "fill-range": {
          "version": "4.0.0",
          "resolved": "https://registry.npmjs.org/fill-range/-/fill-range-4.0.0.tgz",
          "integrity": "sha1-1USBHUKPmOsGpj3EAtJAPDKMOPc=",
          "dependencies": {
            "extend-shallow": {
              "version": "2.0.1",
              "resolved": "https://registry.npmjs.org/extend-shallow/-/extend-shallow-2.0.1.tgz",
              "integrity": "sha1-Ua99YUrZqfYQ6huvu5idaxxWiQ8="
            }
          }
        },
        "fsevents": {
          "version": "1.2.4",
          "resolved": "https://registry.npmjs.org/fsevents/-/fsevents-1.2.4.tgz",
          "integrity": "sha512-z8H8/diyk76B7q5wg+Ud0+CqzcAF3mBBI/bA5ne5zrRUUIvNkJY//D3BqyH571KuAC4Nr7Rw7CjWX4r0y9DvNg==",
          "dependencies": {
            "abbrev": {
              "version": "1.1.1",
              "bundled": true
            },
            "ansi-regex": {
              "version": "2.1.1",
              "bundled": true
            },
            "aproba": {
              "version": "1.2.0",
              "bundled": true
            },
            "are-we-there-yet": {
              "version": "1.1.4",
              "bundled": true
            },
            "balanced-match": {
              "version": "1.0.0",
              "bundled": true
            },
            "brace-expansion": {
              "version": "1.1.11",
              "bundled": true
            },
            "chownr": {
              "version": "1.0.1",
              "bundled": true
            },
            "code-point-at": {
              "version": "1.1.0",
              "bundled": true
            },
            "concat-map": {
              "version": "0.0.1",
              "bundled": true
            },
            "console-control-strings": {
              "version": "1.1.0",
              "bundled": true
            },
            "core-util-is": {
              "version": "1.0.2",
              "bundled": true
            },
            "debug": {
              "version": "2.6.9",
              "bundled": true
            },
            "deep-extend": {
              "version": "0.5.1",
              "bundled": true
            },
            "delegates": {
              "version": "1.0.0",
              "bundled": true
            },
            "detect-libc": {
              "version": "1.0.3",
              "bundled": true
            },
            "fs-minipass": {
              "version": "1.2.5",
              "bundled": true
            },
            "fs.realpath": {
              "version": "1.0.0",
              "bundled": true
            },
            "gauge": {
              "version": "2.7.4",
              "bundled": true
            },
            "glob": {
              "version": "7.1.2",
              "bundled": true
            },
            "has-unicode": {
              "version": "2.0.1",
              "bundled": true
            },
            "iconv-lite": {
              "version": "0.4.21",
              "bundled": true
            },
            "ignore-walk": {
              "version": "3.0.1",
              "bundled": true
            },
            "inflight": {
              "version": "1.0.6",
              "bundled": true
            },
            "inherits": {
              "version": "2.0.3",
              "bundled": true
            },
            "ini": {
              "version": "1.3.5",
              "bundled": true
            },
            "is-fullwidth-code-point": {
              "version": "1.0.0",
              "bundled": true
            },
            "isarray": {
              "version": "1.0.0",
              "bundled": true
            },
            "minimatch": {
              "version": "3.0.4",
              "bundled": true
            },
            "minimist": {
              "version": "0.0.8",
              "bundled": true
            },
            "minipass": {
              "version": "2.2.4",
              "bundled": true
            },
            "minizlib": {
              "version": "1.1.0",
              "bundled": true
            },
            "mkdirp": {
              "version": "0.5.1",
              "bundled": true
            },
            "ms": {
              "version": "2.0.0",
              "bundled": true
            },
            "needle": {
              "version": "2.2.0",
              "bundled": true
            },
            "node-pre-gyp": {
              "version": "0.10.0",
              "bundled": true
            },
            "nopt": {
              "version": "4.0.1",
              "bundled": true
            },
            "npm-bundled": {
              "version": "1.0.3",
              "bundled": true
            },
            "npm-packlist": {
              "version": "1.1.10",
              "bundled": true
            },
            "npmlog": {
              "version": "4.1.2",
              "bundled": true
            },
            "number-is-nan": {
              "version": "1.0.1",
              "bundled": true
            },
            "object-assign": {
              "version": "4.1.1",
              "bundled": true
            },
            "once": {
              "version": "1.4.0",
              "bundled": true
            },
            "os-homedir": {
              "version": "1.0.2",
              "bundled": true
            },
            "os-tmpdir": {
              "version": "1.0.2",
              "bundled": true
            },
            "osenv": {
              "version": "0.1.5",
              "bundled": true
            },
            "path-is-absolute": {
              "version": "1.0.1",
              "bundled": true
            },
            "process-nextick-args": {
              "version": "2.0.0",
              "bundled": true
            },
            "rc": {
              "version": "1.2.7",
              "bundled": true,
              "dependencies": {
                "minimist": {
                  "version": "1.2.0",
                  "bundled": true
                }
              }
            },
            "readable-stream": {
              "version": "2.3.6",
              "bundled": true
            },
            "rimraf": {
              "version": "2.6.2",
              "bundled": true
            },
            "safe-buffer": {
              "version": "5.1.1",
              "bundled": true
            },
            "safer-buffer": {
              "version": "2.1.2",
              "bundled": true
            },
            "sax": {
              "version": "1.2.4",
              "bundled": true
            },
            "semver": {
              "version": "5.5.0",
              "bundled": true
            },
            "set-blocking": {
              "version": "2.0.0",
              "bundled": true
            },
            "signal-exit": {
              "version": "3.0.2",
              "bundled": true
            },
            "string-width": {
              "version": "1.0.2",
              "bundled": true
            },
            "string_decoder": {
              "version": "1.1.1",
              "bundled": true
            },
            "strip-ansi": {
              "version": "3.0.1",
              "bundled": true
            },
            "strip-json-comments": {
              "version": "2.0.1",
              "bundled": true
            },
            "tar": {
              "version": "4.4.1",
              "bundled": true
            },
            "util-deprecate": {
              "version": "1.0.2",
              "bundled": true
            },
            "wide-align": {
              "version": "1.1.2",
              "bundled": true
            },
            "wrappy": {
              "version": "1.0.2",
              "bundled": true
            },
            "yallist": {
              "version": "3.0.2",
              "bundled": true
            }
          }
        },
        "glob-parent": {
          "version": "3.1.0",
          "resolved": "https://registry.npmjs.org/glob-parent/-/glob-parent-3.1.0.tgz",
          "integrity": "sha1-nmr2KZ2NO9K9QEMIMr0RPfkGxa4=",
          "dependencies": {
            "is-glob": {
              "version": "3.1.0",
              "resolved": "https://registry.npmjs.org/is-glob/-/is-glob-3.1.0.tgz",
              "integrity": "sha1-e6WuJCF4BKxwcHuWkiVnSGzD6Eo="
            }
          }
        },
        "is-accessor-descriptor": {
          "version": "1.0.0",
          "resolved": "https://registry.npmjs.org/is-accessor-descriptor/-/is-accessor-descriptor-1.0.0.tgz",
          "integrity": "sha512-m5hnHTkcVsPfqx3AKlyttIPb7J+XykHvJP2B9bZDjlhLIoEq4XoK64Vg7boZlVWYK6LUY94dYPEE7Lh0ZkZKcQ=="
        },
        "is-buffer": {
          "version": "1.1.6",
          "resolved": "https://registry.npmjs.org/is-buffer/-/is-buffer-1.1.6.tgz",
          "integrity": "sha512-NcdALwpXkTm5Zvvbk7owOUSvVvBKDgKP5/ewfXEznmQFfs4ZRmanOeKBTjRVjka3QFoN6XJ+9F3USqfHqTaU5w=="
        },
        "is-data-descriptor": {
          "version": "1.0.0",
          "resolved": "https://registry.npmjs.org/is-data-descriptor/-/is-data-descriptor-1.0.0.tgz",
          "integrity": "sha512-jbRXy1FmtAoCjQkVmIVYwuuqDFUbaOeDjmed1tOGPrsMhtJA4rD9tkgA0F1qJ3gRFRXcHYVkdeaP50Q5rE/jLQ=="
        },
        "is-descriptor": {
          "version": "1.0.2",
          "resolved": "https://registry.npmjs.org/is-descriptor/-/is-descriptor-1.0.2.tgz",
          "integrity": "sha512-2eis5WqQGV7peooDyLmNEPUrps9+SXX5c9pL3xEB+4e9HnGuDa7mB7kHxHw4CbqS9k1T2hOH3miL8n8WtiYVtg=="
        },
        "is-extglob": {
          "version": "2.1.1",
          "resolved": "https://registry.npmjs.org/is-extglob/-/is-extglob-2.1.1.tgz",
          "integrity": "sha1-qIwCU1eR8C7TfHahueqXc8gz+MI="
        },
        "is-glob": {
          "version": "4.0.0",
          "resolved": "https://registry.npmjs.org/is-glob/-/is-glob-4.0.0.tgz",
          "integrity": "sha1-lSHHaEXMJhCoUgPd8ICpWML/q8A="
        },
        "is-number": {
          "version": "3.0.0",
          "resolved": "https://registry.npmjs.org/is-number/-/is-number-3.0.0.tgz",
          "integrity": "sha1-JP1iAaR4LPUFYcgQJ2r8fRLXEZU=",
          "dependencies": {
            "kind-of": {
              "version": "3.2.2",
              "resolved": "https://registry.npmjs.org/kind-of/-/kind-of-3.2.2.tgz",
              "integrity": "sha1-MeohpzS6ubuw8yRm2JOupR5KPGQ="
            }
          }
        },
        "isobject": {
          "version": "3.0.1",
          "resolved": "https://registry.npmjs.org/isobject/-/isobject-3.0.1.tgz",
          "integrity": "sha1-TkMekrEalzFjaqH5yNHMvP2reN8="
        },
        "kind-of": {
          "version": "6.0.2",
          "resolved": "https://registry.npmjs.org/kind-of/-/kind-of-6.0.2.tgz",
          "integrity": "sha512-s5kLOcnH0XqDO+FvuaLX8DDjZ18CGFk7VygH40QoKPUQhW4e2rvM0rwUq0t8IQDOwYSeLK01U90OjzBTme2QqA=="
        },
        "micromatch": {
          "version": "3.1.10",
          "resolved": "https://registry.npmjs.org/micromatch/-/micromatch-3.1.10.tgz",
          "integrity": "sha512-MWikgl9n9M3w+bpsY3He8L+w9eF9338xRl8IAO5viDizwSzziFEyUzo2xrrloB64ADbTf8uA8vRqqttDTOmccg=="
        },
        "nan": {
          "version": "2.12.1",
          "resolved": "https://registry.npmjs.org/nan/-/nan-2.12.1.tgz",
          "integrity": "sha512-JY7V6lRkStKcKTvHO5NVSQRv+RV+FIL5pvDoLiAtSL9pKlC5x9PKQcZDsq7m4FO4d57mkhC6Z+QhAh3Jdk5JFw=="
        },
        "normalize-path": {
          "version": "2.1.1",
          "resolved": "https://registry.npmjs.org/normalize-path/-/normalize-path-2.1.1.tgz",
          "integrity": "sha1-GrKLVW4Zg2Oowab35vogE3/mrtk="
        }
      }
    },
    "hexo-generator-archive": {
      "version": "0.1.4",
      "resolved": "https://registry.npmjs.org/hexo-generator-archive/-/hexo-generator-archive-0.1.4.tgz",
      "integrity": "sha1-Ft927JGH5RDf9sGSIEsPf3xQYGk=",
      "dependencies": {
        "object-assign": {
          "version": "https://registry.npmjs.org/object-assign/-/object-assign-2.1.1.tgz",
          "integrity": "sha1-Q8NuXVaf+OSBbE76i+AtJpZ8GKo="
        }
      }
    },
    "hexo-generator-baidu-sitemap": {
      "version": "0.1.2",
      "resolved": "https://registry.npmjs.org/hexo-generator-baidu-sitemap/-/hexo-generator-baidu-sitemap-0.1.2.tgz",
      "integrity": "sha1-RlIcNc2hZm2yx+UKFPyHwhp9VjQ=",
      "dependencies": {
        "hexo-generator-baidu-sitemap": {
          "version": "0.0.8",
          "resolved": "https://registry.npmjs.org/hexo-generator-baidu-sitemap/-/hexo-generator-baidu-sitemap-0.0.8.tgz",
          "integrity": "sha1-NStV0BfNGylHzpzWCvXE2+vogLs="
        }
      }
    },
    "hexo-generator-category": {
      "version": "0.1.3",
      "resolved": "https://registry.npmjs.org/hexo-generator-category/-/hexo-generator-category-0.1.3.tgz",
      "integrity": "sha1-uealhiUwqDvdfaTIGcG58+TMtLI=",
      "dependencies": {
        "object-assign": {
          "version": "https://registry.npmjs.org/object-assign/-/object-assign-2.1.1.tgz",
          "integrity": "sha1-Q8NuXVaf+OSBbE76i+AtJpZ8GKo="
        }
      }
    },
    "hexo-generator-index": {
      "version": "0.2.0",
      "resolved": "https://registry.npmjs.org/hexo-generator-index/-/hexo-generator-index-0.2.0.tgz",
      "integrity": "sha1-5vyAFOD4mTYvOlqelCjO/rzJHAk="
    },
    "hexo-generator-sitemap": {
      "version": "1.2.0",
      "resolved": "https://registry.npmjs.org/hexo-generator-sitemap/-/hexo-generator-sitemap-1.2.0.tgz",
      "integrity": "sha1-MBj419Hi5Cs/caZacxb/z1g7w/M="
    },
    "hexo-generator-tag": {
      "version": "0.2.0",
      "resolved": "https://registry.npmjs.org/hexo-generator-tag/-/hexo-generator-tag-0.2.0.tgz",
      "integrity": "sha1-xXFYRrtB5X2cIMHWbX2yGhq/emI="
    },
    "hexo-renderer-ejs": {
      "version": "0.2.0",
      "resolved": "https://registry.npmjs.org/hexo-renderer-ejs/-/hexo-renderer-ejs-0.2.0.tgz",
      "integrity": "sha1-gHcZNaXMcVE/B8LHwU8AYiCBeuA="
    },
    "hexo-renderer-kramed": {
      "version": "0.1.4",
      "resolved": "https://registry.npmjs.org/hexo-renderer-kramed/-/hexo-renderer-kramed-0.1.4.tgz",
      "integrity": "sha1-v4WEhbRGGOoWlKarwszL10VHjA8="
    },
    "hexo-renderer-stylus": {
      "version": "0.3.1",
      "resolved": "https://registry.npmjs.org/hexo-renderer-stylus/-/hexo-renderer-stylus-0.3.1.tgz",
      "integrity": "sha1-m5E8FSuwN8k/frPmTSSK4hXIohg="
    },
    "hexo-server": {
      "version": "0.2.0",
      "resolved": "https://registry.npmjs.org/hexo-server/-/hexo-server-0.2.0.tgz",
      "integrity": "sha1-NAtqnK9CJmW8v6Y3pJP1t4JKI4E="
    }
  }
}
